<?xml version="1.0" encoding="utf-8"?>
<Project ToolsVersion="4.0" xmlns="http://schemas.microsoft.com/developer/msbuild/2003">
  <ItemGroup>
    <Filter Include="소스 파일">
      <UniqueIdentifier>{4FC737F1-C7A5-4376-A066-2A32D752A2FF}</UniqueIdentifier>
      <Extensions>cpp;c;cc;cxx;c++;cppm;ixx;def;odl;idl;hpj;bat;asm;asmx</Extensions>
    </Filter>
    <Filter Include="헤더 파일">
      <UniqueIdentifier>{93995380-89BD-4b04-88EB-625FBE52EBFB}</UniqueIdentifier>
      <Extensions>h;hh;hpp;hxx;h++;hm;inl;inc;ipp;xsd</Extensions>
    </Filter>
    <Filter Include="리소스 파일">
      <UniqueIdentifier>{67DA6AB6-F800-4c08-8B7A-83BB121AAD01}</UniqueIdentifier>
      <Extensions>rc;ico;cur;bmp;dlg;rc2;rct;bin;rgs;gif;jpg;jpeg;jpe;resx;tiff;tif;png;wav;mfcribbon-ms</Extensions>
    </Filter>
    <Filter Include="소스 파일\0.Manager">
      <UniqueIdentifier>{8f1bb050-6d02-4014-9959-4d6fda3095b0}</UniqueIdentifier>
    </Filter>
    <Filter Include="소스 파일\2.World">
      <UniqueIdentifier>{e5b2d89a-1ef6-48c8-a53b-4fba16c8335b}</UniqueIdentifier>
    </Filter>
    <Filter Include="소스 파일\2.World\1.Chapter">
      <UniqueIdentifier>{4f363d85-fb67-467f-96ea-5353a79e6c98}</UniqueIdentifier>
    </Filter>
    <Filter Include="소스 파일\2.World\1.Chapter\2.Tear">
      <UniqueIdentifier>{5eb6a53a-734f-4590-b7bd-c31d0efa54a7}</UniqueIdentifier>
    </Filter>
    <Filter Include="소스 파일\2.World\1.Chapter\3.Item">
      <UniqueIdentifier>{2c334286-61a9-483a-b43f-f313db5da6f7}</UniqueIdentifier>
    </Filter>
    <Filter Include="소스 파일\2.World\1.Chapter\3.Item\SpoonBender">
      <UniqueIdentifier>{78b0e97b-abf1-42f7-9e91-1614706395ce}</UniqueIdentifier>
    </Filter>
    <Filter Include="소스 파일\2.World\0.Debug">
      <UniqueIdentifier>{45dc776b-d4dc-4d66-9eaf-534a1a17f6a0}</UniqueIdentifier>
    </Filter>
    <Filter Include="소스 파일\2.World\0.Debug\Imgui">
      <UniqueIdentifier>{30c0e073-5b43-42cb-add6-e399659eeb81}</UniqueIdentifier>
    </Filter>
    <Filter Include="소스 파일\2.World\0.Debug\GameDataAsset">
      <UniqueIdentifier>{4c1062d0-41aa-4ac5-8616-aa822f6e2a19}</UniqueIdentifier>
    </Filter>
    <Filter Include="소스 파일\2.World\0.Debug\GameDataAsset\Data">
      <UniqueIdentifier>{afd6325f-2ecc-415c-bb81-e067fa54eeb9}</UniqueIdentifier>
    </Filter>
    <Filter Include="소스 파일\2.World\0.Debug\GameDataAsset\Data\Room">
      <UniqueIdentifier>{7998830e-b7df-49bd-847e-05c1d466c226}</UniqueIdentifier>
    </Filter>
    <Filter Include="소스 파일\2.World\0.Debug\GameDataAsset\Data\Run">
      <UniqueIdentifier>{01edd74e-1b8b-4d3f-996e-a823939aee66}</UniqueIdentifier>
    </Filter>
    <Filter Include="소스 파일\2.World\0.Debug\GameDataAsset\Data\Player">
      <UniqueIdentifier>{2f994386-83b3-4940-8295-f2fbcfc4da49}</UniqueIdentifier>
    </Filter>
    <Filter Include="소스 파일\2.World\0.Debug\GameDataAsset\Data\Item">
      <UniqueIdentifier>{3df6d157-2ffa-4c10-8cfb-9ec5bc33fc25}</UniqueIdentifier>
    </Filter>
    <Filter Include="소스 파일\2.World\0.Debug\GameDataAsset\Data\Chapter">
      <UniqueIdentifier>{53970eff-e139-4a37-b072-291d8425bdf1}</UniqueIdentifier>
    </Filter>
    <Filter Include="소스 파일\2.World\0.Debug\GameDataAsset\Data\Anim">
      <UniqueIdentifier>{c97bd0b8-3753-4e18-a942-26037a242571}</UniqueIdentifier>
    </Filter>
    <Filter Include="소스 파일\1.GameClass">
      <UniqueIdentifier>{60d794f2-0015-45f6-9044-c50b08350b63}</UniqueIdentifier>
    </Filter>
    <Filter Include="소스 파일\1.GameClass\Component">
      <UniqueIdentifier>{7353a8c6-1f9d-4333-ad23-22c70b625e9a}</UniqueIdentifier>
    </Filter>
    <Filter Include="소스 파일\1.GameClass\Component\SceneComponent">
      <UniqueIdentifier>{7a68e21c-dc64-44c8-b5d2-216d37ab51fa}</UniqueIdentifier>
    </Filter>
    <Filter Include="소스 파일\1.GameClass\Component\ActorComponent">
      <UniqueIdentifier>{11478bd3-53c6-4d6c-b8a5-c8d473f9c62d}</UniqueIdentifier>
    </Filter>
    <Filter Include="소스 파일\0.Manager\0.GameStarter">
      <UniqueIdentifier>{5608093f-0e9a-4be0-9792-469bd926d77f}</UniqueIdentifier>
    </Filter>
    <Filter Include="소스 파일\0.Manager\2.GameRuleManager">
      <UniqueIdentifier>{1f26cd9c-f580-4090-a62c-0e87cff80da4}</UniqueIdentifier>
    </Filter>
    <Filter Include="소스 파일\0.Manager\1.ClassContainer">
      <UniqueIdentifier>{d247f1cb-cb7c-43d4-8729-f56253d4f0b5}</UniqueIdentifier>
    </Filter>
    <Filter Include="소스 파일\2.World\1.Chapter\3.Item\CroockedPenny">
      <UniqueIdentifier>{5fa7fef9-e3be-4f59-97a7-2cfb86db8e63}</UniqueIdentifier>
    </Filter>
    <Filter Include="소스 파일\1.GameClass\Class">
      <UniqueIdentifier>{a23784fe-2d71-4717-81df-6e3ddfe3a93f}</UniqueIdentifier>
    </Filter>
    <Filter Include="소스 파일\2.World\0.Debug\Imgui\Room">
      <UniqueIdentifier>{387f7ff7-b92e-4977-afc6-7ccda20a0d4b}</UniqueIdentifier>
    </Filter>
    <Filter Include="소스 파일\2.World\0.Debug\Imgui\Anim">
      <UniqueIdentifier>{41a58e42-3dd9-419e-9e92-222aaf1e9132}</UniqueIdentifier>
    </Filter>
    <Filter Include="소스 파일\2.World\0.Debug\Imgui\Sprite">
      <UniqueIdentifier>{99f05813-1e4d-46be-94ec-b3883f922329}</UniqueIdentifier>
    </Filter>
    <Filter Include="소스 파일\2.World\0.Debug\GameDataAsset\Data\Sprite">
      <UniqueIdentifier>{ed86f682-4909-44ca-b1bb-9913b5ffd132}</UniqueIdentifier>
    </Filter>
    <Filter Include="소스 파일\2.World\1.Chapter\3.Item\Belt">
      <UniqueIdentifier>{43ddeeff-d804-4cb8-acbe-55a3b1433032}</UniqueIdentifier>
    </Filter>
    <Filter Include="소스 파일\1.GameClass\Component\ActorComponent\ItemContainer">
      <UniqueIdentifier>{e4ef35ed-ac0c-415f-aef5-331f45759eb7}</UniqueIdentifier>
    </Filter>
    <Filter Include="소스 파일\1.GameClass\Component\ActorComponent\RouteMaker">
      <UniqueIdentifier>{020725b4-9fb1-451d-b4cd-990285bebf42}</UniqueIdentifier>
    </Filter>
    <Filter Include="소스 파일\1.GameClass\Component\ActorComponent\TearShooter">
      <UniqueIdentifier>{02664f7a-7f33-4245-9bcb-6b82be7f4395}</UniqueIdentifier>
    </Filter>
    <Filter Include="소스 파일\2.World\1.Chapter\4.Room">
      <UniqueIdentifier>{bd5da692-7472-4254-97a9-5306d93cbe8d}</UniqueIdentifier>
    </Filter>
    <Filter Include="소스 파일\2.World\1.Chapter\4.Room\2.Member">
      <UniqueIdentifier>{87401af5-ca06-4305-a9f6-eb169a9cdef1}</UniqueIdentifier>
    </Filter>
    <Filter Include="소스 파일\2.World\1.Chapter\4.Room\2.Member\1.Obstacle">
      <UniqueIdentifier>{34156043-5c96-4f22-87b4-9e1e48f5112d}</UniqueIdentifier>
    </Filter>
    <Filter Include="소스 파일\2.World\1.Chapter\4.Room\2.Member\1.Obstacle\Base">
      <UniqueIdentifier>{ef5697e0-ea0c-4472-be9a-253d395d1ec9}</UniqueIdentifier>
    </Filter>
    <Filter Include="소스 파일\2.World\1.Chapter\4.Room\2.Member\1.Obstacle\Rock">
      <UniqueIdentifier>{d2032e68-af8a-4449-ada4-e18b8b54936a}</UniqueIdentifier>
    </Filter>
    <Filter Include="소스 파일\2.World\1.Chapter\4.Room\2.Member\0.Unit">
      <UniqueIdentifier>{cdf22f46-dd2d-4d81-b73e-565b9519a1c2}</UniqueIdentifier>
    </Filter>
    <Filter Include="소스 파일\2.World\1.Chapter\4.Room\2.Member\0.Unit\Base">
      <UniqueIdentifier>{c8bd5a9c-48fc-472d-827e-f93e286ac562}</UniqueIdentifier>
    </Filter>
    <Filter Include="소스 파일\2.World\1.Chapter\4.Room\2.Member\0.Unit\PlayerCharacter">
      <UniqueIdentifier>{a09cbb4c-cc67-4b0d-9745-657932ebcc3b}</UniqueIdentifier>
    </Filter>
    <Filter Include="소스 파일\2.World\1.Chapter\4.Room\2.Member\0.Unit\PlayerCharacter\Base">
      <UniqueIdentifier>{8d99020a-5ca5-4f25-96bf-fd372f2605ac}</UniqueIdentifier>
    </Filter>
    <Filter Include="소스 파일\2.World\1.Chapter\4.Room\2.Member\0.Unit\PlayerCharacter\Isaac">
      <UniqueIdentifier>{cb073f81-f02c-4350-9933-e98b27fdc5ed}</UniqueIdentifier>
    </Filter>
    <Filter Include="소스 파일\2.World\1.Chapter\4.Room\2.Member\0.Unit\Monster">
      <UniqueIdentifier>{615cab64-f73b-4f21-9df9-42927a479e6f}</UniqueIdentifier>
    </Filter>
    <Filter Include="소스 파일\2.World\1.Chapter\4.Room\2.Member\0.Unit\Monster\Base">
      <UniqueIdentifier>{2fa46ce5-1063-4343-b360-1ea3af116042}</UniqueIdentifier>
    </Filter>
    <Filter Include="소스 파일\2.World\1.Chapter\4.Room\2.Member\0.Unit\Monster\Gaper">
      <UniqueIdentifier>{38a171e8-0195-4bcc-b154-c42e5e9de14a}</UniqueIdentifier>
    </Filter>
    <Filter Include="소스 파일\2.World\1.Chapter\4.Room\2.Member\2.Pickup">
      <UniqueIdentifier>{f8ae1d4e-f75c-4040-b06f-55be244b5bc6}</UniqueIdentifier>
    </Filter>
    <Filter Include="소스 파일\2.World\1.Chapter\4.Room\2.Member\2.Pickup\Heart">
      <UniqueIdentifier>{810224ec-619a-4397-95f6-8dc88b3bd21d}</UniqueIdentifier>
    </Filter>
    <Filter Include="소스 파일\2.World\1.Chapter\4.Room\1.Room">
      <UniqueIdentifier>{43257701-caf4-4ccc-9658-e1505f0b6e27}</UniqueIdentifier>
    </Filter>
    <Filter Include="소스 파일\2.World\1.Chapter\4.Room\1.Room\0.Base">
      <UniqueIdentifier>{93167817-30ff-4cf9-8012-6a6676fe13f7}</UniqueIdentifier>
    </Filter>
    <Filter Include="소스 파일\2.World\1.Chapter\0.GameSystemActor">
      <UniqueIdentifier>{7da11b31-5d54-4f7a-8a2a-a1d819271f68}</UniqueIdentifier>
    </Filter>
    <Filter Include="소스 파일\1.GameClass\Component\SceneComponent\Rigidbody">
      <UniqueIdentifier>{86e80254-c5f7-4830-93bc-0748fb6fab60}</UniqueIdentifier>
    </Filter>
    <Filter Include="소스 파일\1.GameClass\Component\SceneComponent\SpriteRenderer">
      <UniqueIdentifier>{663a1adc-e4a3-447f-b2b3-3a0b3d12115d}</UniqueIdentifier>
    </Filter>
    <Filter Include="소스 파일\2.World\1.Chapter\4.Room\2.Member\3.Door">
      <UniqueIdentifier>{4e61cb1a-6a28-4003-b124-2fb6c8405b56}</UniqueIdentifier>
    </Filter>
  </ItemGroup>
  <ItemGroup>
    <ClCompile Include="main.cpp">
      <Filter>소스 파일</Filter>
    </ClCompile>
    <ClCompile Include="World\MainWorld.cpp">
      <Filter>소스 파일\2.World</Filter>
    </ClCompile>
    <ClCompile Include="World\GlobalCollision.cpp">
      <Filter>소스 파일\2.World</Filter>
    </ClCompile>
    <ClCompile Include="World\Base\Unitbase.cpp">
      <Filter>소스 파일\2.World\1.Chapter\4.Room\2.Member\0.Unit\Base</Filter>
    </ClCompile>
    <ClCompile Include="World\Base\Roombase.cpp">
      <Filter>소스 파일\2.World\1.Chapter\4.Room\1.Room\0.Base</Filter>
    </ClCompile>
    <ClCompile Include="World\Base\Monster.cpp">
      <Filter>소스 파일\2.World\1.Chapter\4.Room\2.Member\0.Unit\Monster\Base</Filter>
    </ClCompile>
    <ClCompile Include="World\Monster\Walker.cpp">
      <Filter>소스 파일\2.World\1.Chapter\4.Room\2.Member\0.Unit\Monster\Base</Filter>
    </ClCompile>
    <ClCompile Include="World\Base\Obstaclebase.cpp">
      <Filter>소스 파일\2.World\1.Chapter\4.Room\2.Member\1.Obstacle\Base</Filter>
    </ClCompile>
    <ClCompile Include="World\Manager\GameClassContainer.cpp">
      <Filter>소스 파일\0.Manager\1.ClassContainer</Filter>
    </ClCompile>
    <ClCompile Include="World\Manager\GameRuleManager.cpp">
      <Filter>소스 파일\0.Manager\2.GameRuleManager</Filter>
    </ClCompile>
    <ClCompile Include="World\Room\DefaultRoom.cpp">
      <Filter>소스 파일\2.World\1.Chapter\4.Room\1.Room</Filter>
    </ClCompile>
    <ClCompile Include="World\Data\GameData.cpp">
      <Filter>소스 파일\2.World\0.Debug\GameDataAsset\Data</Filter>
    </ClCompile>
    <ClCompile Include="World\Data\GameDataManager.cpp">
      <Filter>소스 파일\2.World\0.Debug\GameDataAsset</Filter>
    </ClCompile>
    <ClCompile Include="World\Data\RoomGData.cpp">
      <Filter>소스 파일\2.World\0.Debug\GameDataAsset\Data\Room</Filter>
    </ClCompile>
    <ClCompile Include="World\Data\ChapterGData.cpp">
      <Filter>소스 파일\2.World\0.Debug\GameDataAsset\Data\Chapter</Filter>
    </ClCompile>
    <ClCompile Include="World\Chapter.cpp">
      <Filter>소스 파일\2.World\1.Chapter</Filter>
    </ClCompile>
    <ClCompile Include="World\GameSystemActor.cpp">
      <Filter>소스 파일\2.World\1.Chapter\0.GameSystemActor</Filter>
    </ClCompile>
    <ClCompile Include="World\Data\AnimGData.cpp">
      <Filter>소스 파일\2.World\0.Debug\GameDataAsset\Data\Anim</Filter>
    </ClCompile>
    <ClCompile Include="World\Monster\Gaper.cpp">
      <Filter>소스 파일\2.World\1.Chapter\4.Room\2.Member\0.Unit\Monster\Gaper</Filter>
    </ClCompile>
    <ClCompile Include="World\DebugChapter.cpp">
      <Filter>소스 파일\2.World\0.Debug</Filter>
    </ClCompile>
    <ClCompile Include="World\Base\Tear.cpp">
      <Filter>소스 파일\2.World\1.Chapter\2.Tear</Filter>
    </ClCompile>
    <ClCompile Include="World\Base\Character.cpp">
      <Filter>소스 파일\2.World\1.Chapter\4.Room\2.Member\0.Unit\PlayerCharacter\Base</Filter>
    </ClCompile>
    <ClCompile Include="World\Character\CharacterIsaac.cpp">
      <Filter>소스 파일\2.World\1.Chapter\4.Room\2.Member\0.Unit\PlayerCharacter\Isaac</Filter>
    </ClCompile>
    <ClCompile Include="World\Obstacle\RockObstacle.cpp">
      <Filter>소스 파일\2.World\1.Chapter\4.Room\2.Member\1.Obstacle\Rock</Filter>
    </ClCompile>
    <ClCompile Include="World\Base\Item.cpp">
      <Filter>소스 파일\2.World\1.Chapter\3.Item</Filter>
    </ClCompile>
    <ClCompile Include="World\Item\ItemBelt.cpp">
      <Filter>소스 파일\2.World\1.Chapter\3.Item\Belt</Filter>
    </ClCompile>
    <ClCompile Include="World\Base\Pickup.cpp">
      <Filter>소스 파일\2.World\1.Chapter\4.Room\2.Member\2.Pickup</Filter>
    </ClCompile>
    <ClCompile Include="World\Pickup\PickupRedHeart.cpp">
      <Filter>소스 파일\2.World\1.Chapter\4.Room\2.Member\2.Pickup\Heart</Filter>
    </ClCompile>
    <ClCompile Include="World\Base\RoomMember.cpp">
      <Filter>소스 파일\2.World\1.Chapter\4.Room\2.Member</Filter>
    </ClCompile>
    <ClCompile Include="World\Manager\GameStarter.cpp">
      <Filter>소스 파일\0.Manager\0.GameStarter</Filter>
    </ClCompile>
    <ClCompile Include="World\Item\ItemSpoonBender.cpp">
      <Filter>소스 파일\2.World\1.Chapter\3.Item\SpoonBender</Filter>
    </ClCompile>
    <ClCompile Include="World\Item\ItemCroockedPenny.cpp">
      <Filter>소스 파일\2.World\1.Chapter\3.Item\CroockedPenny</Filter>
    </ClCompile>
    <ClCompile Include="World\Base\GameClass.cpp">
      <Filter>소스 파일\1.GameClass\Class</Filter>
    </ClCompile>
    <ClCompile Include="World\Base\GameDefinition.cpp">
      <Filter>소스 파일\1.GameClass\Class</Filter>
    </ClCompile>
    <ClCompile Include="World\Base\GameObject.cpp">
      <Filter>소스 파일\1.GameClass\Class</Filter>
    </ClCompile>
    <ClCompile Include="Debug\ImGuiAnimationMaker.cpp">
      <Filter>소스 파일\2.World\0.Debug\Imgui\Anim</Filter>
    </ClCompile>
    <ClCompile Include="Debug\ImGuiRoomMaker.cpp">
      <Filter>소스 파일\2.World\0.Debug\Imgui\Room</Filter>
    </ClCompile>
    <ClCompile Include="Debug\ImGuiSpriteMaker.cpp">
      <Filter>소스 파일\2.World\0.Debug\Imgui\Sprite</Filter>
    </ClCompile>
    <ClCompile Include="World\Data\SpriteGData.cpp">
      <Filter>소스 파일\2.World\0.Debug\GameDataAsset\Data\Sprite</Filter>
    </ClCompile>
    <ClCompile Include="World\Component\ItemContainer.cpp">
      <Filter>소스 파일\1.GameClass\Component\ActorComponent\ItemContainer</Filter>
    </ClCompile>
    <ClCompile Include="World\Component\RouteMaker.cpp">
      <Filter>소스 파일\1.GameClass\Component\ActorComponent\RouteMaker</Filter>
    </ClCompile>
    <ClCompile Include="World\Component\TearShooter.cpp">
      <Filter>소스 파일\1.GameClass\Component\ActorComponent\TearShooter</Filter>
    </ClCompile>
    <ClCompile Include="World\Component\RigidBodyComponent.cpp">
      <Filter>소스 파일\1.GameClass\Component\SceneComponent\Rigidbody</Filter>
    </ClCompile>
    <ClCompile Include="World\Component\SpriteComponent.cpp">
      <Filter>소스 파일\1.GameClass\Component\SceneComponent\SpriteRenderer</Filter>
    </ClCompile>
    <ClCompile Include="World\Door.cpp">
      <Filter>소스 파일\2.World\1.Chapter\4.Room\2.Member\3.Door</Filter>
    </ClCompile>
    <ClCompile Include="GameObjectStructs.cpp">
      <Filter>소스 파일</Filter>
    </ClCompile>
  </ItemGroup>
  <ItemGroup>
    <ClInclude Include="resource.h">
      <Filter>헤더 파일</Filter>
    </ClInclude>
    <ClInclude Include="World\MainWorld.h">
      <Filter>소스 파일\2.World</Filter>
    </ClInclude>
    <ClInclude Include="World\GlobalCollision.h">
      <Filter>소스 파일\2.World</Filter>
    </ClInclude>
    <ClInclude Include="World\Base\Unitbase.h">
      <Filter>소스 파일\2.World\1.Chapter\4.Room\2.Member\0.Unit\Base</Filter>
    </ClInclude>
    <ClInclude Include="World\Base\Roombase.h">
      <Filter>소스 파일\2.World\1.Chapter\4.Room\1.Room\0.Base</Filter>
    </ClInclude>
    <ClInclude Include="World\Base\Monster.h">
      <Filter>소스 파일\2.World\1.Chapter\4.Room\2.Member\0.Unit\Monster\Base</Filter>
    </ClInclude>
    <ClInclude Include="World\Monster\Walker.h">
      <Filter>소스 파일\2.World\1.Chapter\4.Room\2.Member\0.Unit\Monster\Base</Filter>
    </ClInclude>
    <ClInclude Include="Rooms.h">
      <Filter>헤더 파일</Filter>
    </ClInclude>
    <ClInclude Include="World\Base\Obstaclebase.h">
      <Filter>소스 파일\2.World\1.Chapter\4.Room\2.Member\1.Obstacle\Base</Filter>
    </ClInclude>
    <ClInclude Include="World\Manager\GameClassContainer.h">
      <Filter>소스 파일\0.Manager\1.ClassContainer</Filter>
    </ClInclude>
    <ClInclude Include="World\Manager\GameRuleManager.h">
      <Filter>소스 파일\0.Manager\2.GameRuleManager</Filter>
    </ClInclude>
    <ClInclude Include="World\Room\DefaultRoom.h">
      <Filter>소스 파일\2.World\1.Chapter\4.Room\1.Room</Filter>
    </ClInclude>
    <ClInclude Include="World\Data\GameData.h">
      <Filter>소스 파일\2.World\0.Debug\GameDataAsset\Data</Filter>
    </ClInclude>
    <ClInclude Include="World\Data\GameDataManager.h">
      <Filter>소스 파일\2.World\0.Debug\GameDataAsset</Filter>
    </ClInclude>
    <ClInclude Include="World\Data\RoomGData.h">
      <Filter>소스 파일\2.World\0.Debug\GameDataAsset\Data\Room</Filter>
    </ClInclude>
    <ClInclude Include="World\Data\GameObjectStructure.h">
      <Filter>소스 파일\2.World\0.Debug\GameDataAsset</Filter>
    </ClInclude>
    <ClInclude Include="World\Data\ChapterGData.h">
      <Filter>소스 파일\2.World\0.Debug\GameDataAsset\Data\Chapter</Filter>
    </ClInclude>
    <ClInclude Include="World\Chapter.h">
      <Filter>소스 파일\2.World\1.Chapter</Filter>
    </ClInclude>
    <ClInclude Include="World\GameSystemActor.h">
      <Filter>소스 파일\2.World\1.Chapter\0.GameSystemActor</Filter>
    </ClInclude>
    <ClInclude Include="World\Data\AnimGData.h">
      <Filter>소스 파일\2.World\0.Debug\GameDataAsset\Data\Anim</Filter>
    </ClInclude>
    <ClInclude Include="World\Monster\Gaper.h">
      <Filter>소스 파일\2.World\1.Chapter\4.Room\2.Member\0.Unit\Monster\Gaper</Filter>
    </ClInclude>
    <ClInclude Include="World\DebugChapter.h">
      <Filter>소스 파일\2.World\0.Debug</Filter>
    </ClInclude>
    <ClInclude Include="World\Base\Tear.h">
      <Filter>소스 파일\2.World\1.Chapter\2.Tear</Filter>
    </ClInclude>
    <ClInclude Include="World\Base\Character.h">
      <Filter>소스 파일\2.World\1.Chapter\4.Room\2.Member\0.Unit\PlayerCharacter\Base</Filter>
    </ClInclude>
    <ClInclude Include="World\Character\CharacterIsaac.h">
      <Filter>소스 파일\2.World\1.Chapter\4.Room\2.Member\0.Unit\PlayerCharacter\Isaac</Filter>
    </ClInclude>
    <ClInclude Include="World\Obstacle\RockObstacle.h">
      <Filter>소스 파일\2.World\1.Chapter\4.Room\2.Member\1.Obstacle\Rock</Filter>
    </ClInclude>
    <ClInclude Include="GameObjectEnums.h">
      <Filter>헤더 파일</Filter>
    </ClInclude>
    <ClInclude Include="World\Base\Item.h">
      <Filter>소스 파일\2.World\1.Chapter\3.Item</Filter>
    </ClInclude>
    <ClInclude Include="World\Item\ItemBelt.h">
      <Filter>소스 파일\2.World\1.Chapter\3.Item\Belt</Filter>
    </ClInclude>
    <ClInclude Include="World\Base\Pickup.h">
      <Filter>소스 파일\2.World\1.Chapter\4.Room\2.Member\2.Pickup</Filter>
    </ClInclude>
    <ClInclude Include="World\Pickup\PickupRedHeart.h">
      <Filter>소스 파일\2.World\1.Chapter\4.Room\2.Member\2.Pickup\Heart</Filter>
    </ClInclude>
    <ClInclude Include="World\Base\RoomMember.h">
      <Filter>소스 파일\2.World\1.Chapter\4.Room\2.Member</Filter>
    </ClInclude>
    <ClInclude Include="World\Manager\GameStarter.h">
      <Filter>소스 파일\0.Manager\0.GameStarter</Filter>
    </ClInclude>
    <ClInclude Include="World\Item\ItemSpoonBender.h">
      <Filter>소스 파일\2.World\1.Chapter\3.Item\SpoonBender</Filter>
    </ClInclude>
    <ClInclude Include="World\Item\ItemCroockedPenny.h">
      <Filter>소스 파일\2.World\1.Chapter\3.Item\CroockedPenny</Filter>
    </ClInclude>
    <ClInclude Include="World\Base\GameClass.h">
      <Filter>소스 파일\1.GameClass\Class</Filter>
    </ClInclude>
    <ClInclude Include="World\Base\GameDefinition.h">
      <Filter>소스 파일\1.GameClass\Class</Filter>
    </ClInclude>
    <ClInclude Include="World\Base\GameObject.h">
      <Filter>소스 파일\1.GameClass\Class</Filter>
    </ClInclude>
    <ClInclude Include="Debug\ImGuiAnimationMaker.h">
      <Filter>소스 파일\2.World\0.Debug\Imgui\Anim</Filter>
    </ClInclude>
    <ClInclude Include="Debug\ImGuiRoomMaker.h">
      <Filter>소스 파일\2.World\0.Debug\Imgui\Room</Filter>
    </ClInclude>
    <ClInclude Include="Debug\ImGuiSpriteMaker.h">
      <Filter>소스 파일\2.World\0.Debug\Imgui\Sprite</Filter>
    </ClInclude>
    <ClInclude Include="World\Data\SpriteGData.h">
      <Filter>소스 파일\2.World\0.Debug\GameDataAsset\Data\Sprite</Filter>
    </ClInclude>
    <ClInclude Include="World\Component\RouteMaker.h">
      <Filter>소스 파일\1.GameClass\Component\ActorComponent\RouteMaker</Filter>
    </ClInclude>
    <ClInclude Include="World\Component\TearShooter.h">
      <Filter>소스 파일\1.GameClass\Component\ActorComponent\TearShooter</Filter>
    </ClInclude>
    <ClInclude Include="World\Component\ItemContainer.h">
      <Filter>소스 파일\1.GameClass\Component\ActorComponent\ItemContainer</Filter>
    </ClInclude>
    <ClInclude Include="World\Component\RigidBodyComponent.h">
      <Filter>소스 파일\1.GameClass\Component\SceneComponent\Rigidbody</Filter>
    </ClInclude>
    <ClInclude Include="World\Component\SpriteComponent.h">
      <Filter>소스 파일\1.GameClass\Component\SceneComponent\SpriteRenderer</Filter>
    </ClInclude>
    <ClInclude Include="GameObjectStructs.h">
      <Filter>헤더 파일</Filter>
    </ClInclude>
    <ClInclude Include="World\Door.h">
      <Filter>소스 파일\2.World\1.Chapter\4.Room\2.Member\3.Door</Filter>
    </ClInclude>
  </ItemGroup>
  <ItemGroup>
    <ResourceCompile Include="Client.rc">
      <Filter>리소스 파일</Filter>
    </ResourceCompile>
  </ItemGroup>
  <ItemGroup>
    <Image Include="icon1.ico">
      <Filter>리소스 파일</Filter>
    </Image>
  </ItemGroup>
</Project>